
Microsoft Visual Studio Solution File, Format Version 12.00
# Visual Studio Version 17
VisualStudioVersion = 17.8.34408.163
MinimumVisualStudioVersion = 10.0.40219.1
Project("{FAE04EC0-301F-11D3-BF4B-00C04F79EFBC}") = "MvcMovie", "MvcMovie.csproj", "{836BC12A-DF61-4F59-9BC3-80DA350CEF9C}"
EndProject
Global
	GlobalSection(SolutionConfigurationPlatforms) = preSolution
		Debug|Any CPU = Debug|Any CPU
		Release|Any CPU = Release|Any CPU
	EndGlobalSection
	GlobalSection(ProjectConfigurationPlatforms) = postSolution
		{836BC12A-DF61-4F59-9BC3-80DA350CEF9C}.Debug|Any CPU.ActiveCfg = Debug|Any CPU
		{836BC12A-DF61-4F59-9BC3-80DA350CEF9C}.Debug|Any CPU.Build.0 = Debug|Any CPU
		{836BC12A-DF61-4F59-9BC3-80DA350CEF9C}.Release|Any CPU.ActiveCfg = Release|Any CPU
		{836BC12A-DF61-4F59-9BC3-80DA350CEF9C}.Release|Any CPU.Build.0 = Release|Any CPU
	EndGlobalSection
	GlobalSection(SolutionProperties) = preSolution
		HideSolutionNode = FALSE
	EndGlobalSection
	GlobalSection(ExtensibilityGlobals) = postSolution
		SolutionGuid = {82E2C167-8F0E-4550-A6B6-B79D0E9F76AC}
	EndGlobalSection
EndGlobal
